// !$*UTF8*$!
{
	archiveVersion = 1;
	classes = {
	};
	objectVersion = 46;
	objects = {

/* Begin PBXBuildFile section */
		07238EC71E6EC31A00A5C611 /* AppDelegate.swift in Sources */ = {isa = PBXBuildFile; fileRef = 07238EC61E6EC31A00A5C611 /* AppDelegate.swift */; };
		07238EC91E6EC31A00A5C611 /* ViewController.swift in Sources */ = {isa = PBXBuildFile; fileRef = 07238EC81E6EC31A00A5C611 /* ViewController.swift */; };
		07238ECC1E6EC31A00A5C611 /* Main.storyboard in Resources */ = {isa = PBXBuildFile; fileRef = 07238ECA1E6EC31A00A5C611 /* Main.storyboard */; };
		07238ECE1E6EC31A00A5C611 /* Assets.xcassets in Resources */ = {isa = PBXBuildFile; fileRef = 07238ECD1E6EC31A00A5C611 /* Assets.xcassets */; };
		07238ED11E6EC31A00A5C611 /* LaunchScreen.storyboard in Resources */ = {isa = PBXBuildFile; fileRef = 07238ECF1E6EC31A00A5C611 /* LaunchScreen.storyboard */; };
/* End PBXBuildFile section */

/* Begin PBXFileReference section */
		07238EC31E6EC31A00A5C611 /* MiBandDemo.app */ = {isa = PBXFileReference; explicitFileType = wrapper.application; includeInIndex = 0; path = MiBandDemo.app; sourceTree = BUILT_PRODUCTS_DIR; };
		07238EC61E6EC31A00A5C611 /* AppDelegate.swift */ = {isa = PBXFileReference; lastKnownFileType = sourcecode.swift; path = AppDelegate.swift; sourceTree = "<group>"; };
		07238EC81E6EC31A00A5C611 /* ViewController.swift */ = {isa = PBXFileReference; lastKnownFileType = sourcecode.swift; path = ViewController.swift; sourceTree = "<group>"; };
		07238ECB1E6EC31A00A5C611 /* Base */ = {isa = PBXFileReference; lastKnownFileType = file.storyboard; name = Base; path = Base.lproj/Main.storyboard; sourceTree = "<group>"; };
		07238ECD1E6EC31A00A5C611 /* Assets.xcassets */ = {isa = PBXFileReference; lastKnownFileType = folder.assetcatalog; path = Assets.xcassets; sourceTree = "<group>"; };
		07238ED01E6EC31A00A5C611 /* Base */ = {isa = PBXFileReference; lastKnownFileType = file.storyboard; name = Base; path = Base.lproj/LaunchScreen.storyboard; sourceTree = "<group>"; };
		07238ED21E6EC31A00A5C611 /* Info.plist */ = {isa = PBXFileReference; lastKnownFileType = text.plist.xml; path = Info.plist; sourceTree = "<group>"; };
/* End PBXFileReference section */

/* Begin PBXFrameworksBuildPhase section */
		07238EC01E6EC31A00A5C611 /* Frameworks */ = {
			isa = PBXFrameworksBuildPhase;
			buildActionMask = 2147483647;
			files = (
			);
			runOnlyForDeploymentPostprocessing = 0;
		};
/* End PBXFrameworksBuildPhase section */

/* Begin PBXGroup section */
		07238EBA1E6EC31900A5C611 = {
			isa = PBXGroup;
			children = (
				07238EC51E6EC31A00A5C611 /* MiBandDemo */,
				07238EC41E6EC31A00A5C611 /* Products */,
			);
			sourceTree = "<group>";
		};
		07238EC41E6EC31A00A5C611 /* Products */ = {
			isa = PBXGroup;
			children = (
				07238EC31E6EC31A00A5C611 /* MiBandDemo.app */,
			);
			name = Products;
			sourceTree = "<group>";
		};
		07238EC51E6EC31A00A5C611 /* MiBandDemo */ = {
			isa = PBXGroup;
			children = (
				07238EC61E6EC31A00A5C611 /* AppDelegate.swift */,
				07238EC81E6EC31A00A5C611 /* ViewController.swift */,
				07238ECA1E6EC31A00A5C611 /* Main.storyboard */,
				07238ECD1E6EC31A00A5C611 /* Assets.xcassets */,
				07238ECF1E6EC31A00A5C611 /* LaunchScreen.storyboard */,
				07238ED21E6EC31A00A5C611 /* Info.plist */,
			);
			path = MiBandDemo;
			sourceTree = "<group>";
		};
/* End PBXGroup section */

/* Begin PBXNativeTarget section */
		07238EC21E6EC31A00A5C611 /* MiBandDemo */ = {
			isa = PBXNativeTarget;
			buildConfigurationList = 07238ED51E6EC31A00A5C611 /* Build configuration list for PBXNativeTarget "MiBandDemo" */;
			buildPhases = (
				07238EBF1E6EC31A00A5C611 /* Sources */,
				07238EC01E6EC31A00A5C611 /* Frameworks */,
				07238EC11E6EC31A00A5C611 /* Resources */,
			);
			buildRules = (
			);
			dependencies = (
			);
			name = MiBandDemo;
			productName = MiBandDemo;
			productReference = 07238EC31E6EC31A00A5C611 /* MiBandDemo.app */;
			productType = "com.apple.product-type.application";
		};
/* End PBXNativeTarget section */

/* Begin PBXProject section */
		07238EBB1E6EC31900A5C611 /* Project object */ = {
			isa = PBXProject;
			attributes = {
				LastSwiftUpdateCheck = 0820;
				LastUpgradeCheck = 0820;
				ORGANIZATIONNAME = Eric;
				TargetAttributes = {
					07238EC21E6EC31A00A5C611 = {
						CreatedOnToolsVersion = 8.2.1;
						ProvisioningStyle = Automatic;
					};
				};
			};
			buildConfigurationList = 07238EBE1E6EC31900A5C611 /* Build configuration list for PBXProject "MiBandDemo" */;
			compatibilityVersion = "Xcode 3.2";
			developmentRegion = English;
			hasScannedForEncodings = 0;
			knownRegions = (
				en,
				Base,
			);
			mainGroup = 07238EBA1E6EC31900A5C611;
			productRefGroup = 07238EC41E6EC31A00A5C611 /* Products */;
			projectDirPath = "";
			projectRoot = "";
			targets = (
				07238EC21E6EC31A00A5C611 /* MiBandDemo */,
			);
		};
/* End PBXProject section */

/* Begin PBXResourcesBuildPhase section */
		07238EC11E6EC31A00A5C611 /* Resources */ = {
			isa = PBXResourcesBuildPhase;
			buildActionMask = 2147483647;
			files = (
				07238ED11E6EC31A00A5C611 /* LaunchScreen.storyboard in Resources */,
				07238ECE1E6EC31A00A5C611 /* Assets.xcassets in Resources */,
				07238ECC1E6EC31A00A5C611 /* Main.storyboard in Resources */,
			);
			runOnlyForDeploymentPostprocessing = 0;
		};
/* End PBXResourcesBuildPhase section */

/* Begin PBXSourcesBuildPhase section */
		07238EBF1E6EC31A00A5C611 /* Sources */ = {
			isa = PBXSourcesBuildPhase;
			buildActionMask = 2147483647;
			files = (
				07238EC91E6EC31A00A5C611 /* ViewController.swift in Sources */,
				07238EC71E6EC31A00A5C611 /* AppDelegate.swift in Sources */,
			);
			runOnlyForDeploymentPostprocessing = 0;
		};
/* End PBXSourcesBuildPhase section */

/* Begin PBXVariantGroup section */
		07238ECA1E6EC31A00A5C611 /* Main.storyboard */ = {
			isa = PBXVariantGroup;
			children = (
				07238ECB1E6EC31A00A5C611 /* Base */,
			);
			name = Main.storyboard;
			sourceTree = "<group>";
		};
		07238ECF1E6EC31A00A5C611 /* LaunchScreen.storyboard */ = {
			isa = PBXVariantGroup;
			children = (
				07238ED01E6EC31A00A5C611 /* Base */,
			);
			name = LaunchScreen.storyboard;
			sourceTree = "<group>";
		};
/* End PBXVariantGroup section */

/* Begin XCBuildConfiguration section */
		07238ED31E6EC31A00A5C611 /* Debug */ = {
			isa = XCBuildConfiguration;
			buildSettings = {
				ALWAYS_SEARCH_USER_PATHS = NO;
				CLANG_ANALYZER_NONNULL = YES;
				CLANG_CXX_LANGUAGE_STANDARD = "gnu++0x";
				CLANG_CXX_LIBRARY = "libc++";
				CLANG_ENABLE_MODULES = YES;
				CLANG_ENABLE_OBJC_ARC = YES;
				CLANG_WARN_BOOL_CONVERSION = YES;
				CLANG_WARN_CONSTANT_CONVERSION = YES;
				CLANG_WARN_DIRECT_OBJC_ISA_USAGE = YES_ERROR;
				CLANG_WARN_DOCUMENTATION_COMMENTS = YES;
				CLANG_WARN_EMPTY_BODY = YES;
				CLANG_WARN_ENUM_CONVERSION = YES;
				CLANG_WARN_INFINITE_RECURSION = YES;
				CLANG_WARN_INT_CONVERSION = YES;
				CLANG_WARN_OBJC_ROOT_CLASS = YES_ERROR;
				CLANG_WARN_SUSPICIOUS_MOVE = YES;
				CLANG_WARN_UNREACHABLE_CODE = YES;
				CLANG_WARN__DUPLICATE_METHOD_MATCH = YES;
				"CODE_SIGN_IDENTITY[sdk=iphoneos*]" = "iPhone Developer";
				COPY_PHASE_STRIP = NO;
				DEBUG_INFORMATION_FORMAT = dwarf;
				ENABLE_STRICT_OBJC_MSGSEND = YES;
				ENABLE_TESTABILITY = YES;
				GCC_C_LANGUAGE_STANDARD = gnu99;
				GCC_DYNAMIC_NO_PIC = NO;
				GCC_NO_COMMON_BLOCKS = YES;
				GCC_OPTIMIZATION_LEVEL = 0;
				GCC_PREPROCESSOR_DEFINITIONS = (
					"DEBUG=1",
					"$(inherited)",
				);
				GCC_WARN_64_TO_32_BIT_CONVERSION = YES;
				GCC_WARN_ABOUT_RETURN_TYPE = YES_ERROR;
				GCC_WARN_UNDECLARED_SELECTOR = YES;
				GCC_WARN_UNINITIALIZED_AUTOS = YES_AGGRESSIVE;
				GCC_WARN_UNUSED_FUNCTION = YES;
				GCC_WARN_UNUSED_VARIABLE = YES;
				IPHONEOS_DEPLOYMENT_TARGET = 10.2;
				MTL_ENABLE_DEBUG_INFO = YES;
				ONLY_ACTIVE_ARCH = YES;
				SDKROOT = iphoneos;
				SWIFT_ACTIVE_COMPILATION_CONDITIONS = DEBUG;
				SWIFT_OPTIMIZATION_LEVEL = "-Onone";
			};
			name = Debug;
		};
		07238ED41E6EC31A00A5C611 /* Release */ = {
			isa = XCBuildConfiguration;
			buildSettings = {
				ALWAYS_SEARCH_USER_PATHS = NO;
				CLANG_ANALYZER_NONNULL = YES;
				CLANG_CXX_LANGUAGE_STANDARD = "gnu++0x";
				CLANG_CXX_LIBRARY = "libc++";
				CLANG_ENABLE_MODULES = YES;
				CLANG_ENABLE_OBJC_ARC = YES;
				CLANG_WARN_BOOL_CONVERSION = YES;
				CLANG_WARN_CONSTANT_CONVERSION = YES;
				CLANG_WARN_DIRECT_OBJC_ISA_USAGE = YES_ERROR;
				CLANG_WARN_DOCUMENTATION_COMMENTS = YES;
				CLANG_WARN_EMPTY_BODY = YES;
				CLANG_WARN_ENUM_CONVERSION = YES;
				CLANG_WARN_INFINITE_RECURSION = YES;
				CLANG_WARN_INT_CONVERSION = YES;
				CLANG_WARN_OBJC_ROOT_CLASS = YES_ERROR;
				CLANG_WARN_SUSPICIOUS_MOVE = YES;
				CLANG_WARN_UNREACHABLE_CODE = YES;
				CLANG_WARN__DUPLICATE_METHOD_MATCH = YES;
				"CODE_SIGN_IDENTITY[sdk=iphoneos*]" = "iPhone Developer";
				COPY_PHASE_STRIP = NO;
				DEBUG_INFORMATION_FORMAT = "dwarf-with-dsym";
				ENABLE_NS_ASSERTIONS = NO;
				ENABLE_STRICT_OBJC_MSGSEND = YES;
				GCC_C_LANGUAGE_STANDARD = gnu99;
				GCC_NO_COMMON_BLOCKS = YES;
				GCC_WARN_64_TO_32_BIT_CONVERSION = YES;
				GCC_WARN_ABOUT_RETURN_TYPE = YES_ERROR;
				GCC_WARN_UNDECLARED_SELECTOR = YES;
				GCC_WARN_UNINITIALIZED_AUTOS = YES_AGGRESSIVE;
				GCC_WARN_UNUSED_FUNCTION = YES;
				GCC_WARN_UNUSED_VARIABLE = YES;
				IPHONEOS_DEPLOYMENT_TARGET = 10.2;
				MTL_ENABLE_DEBUG_INFO = NO;
				SDKROOT = iphoneos;
				SWIFT_OPTIMIZATION_LEVEL = "-Owholemodule";
				VALIDATE_PRODUCT = YES;
			};
			name = Release;
		};
		07238ED61E6EC31A00A5C611 /* Debug */ = {
			isa = XCBuildConfiguration;
			buildSettings = {
				ASSETCATALOG_COMPILER_APPICON_NAME = AppIcon;
				INFOPLIST_FILE = MiBandDemo/Info.plist;
				LD_RUNPATH_SEARCH_PATHS = "$(inherited) @executable_path/Frameworks";
				PRODUCT_BUNDLE_IDENTIFIER = com.ec.MiBandDemo;
				PRODUCT_NAME = "$(TARGET_NAME)";
				SWIFT_VERSION = 3.0;
			};
			name = Debug;
		};
		07238ED71E6EC31A00A5C611 /* Release */ = {
			isa = XCBuildConfiguration;
			buildSettings = {
				ASSETCATALOG_COMPILER_APPICON_NAME = AppIcon;
				INFOPLIST_FILE = MiBandDemo/Info.plist;
				LD_RUNPATH_SEARCH_PATHS = "$(inherited) @executable_path/Frameworks";
				PRODUCT_BUNDLE_IDENTIFIER = com.ec.MiBandDemo;
				PRODUCT_NAME = "$(TARGET_NAME)";
				SWIFT_VERSION = 3.0;
			};
			name = Release;
		};
/* End XCBuildConfiguration section */

/* Begin XCConfigurationList section */
		07238EBE1E6EC31900A5C611 /* Build configuration list for PBXProject "MiBandDemo" */ = {
			isa = XCConfigurationList;
			buildConfigurations = (
				07238ED31E6EC31A00A5C611 /* Debug */,
				07238ED41E6EC31A00A5C611 /* Release */,
			);
			defaultConfigurationIsVisible = 0;
			defaultConfigurationName = Release;
		};
		07238ED51E6EC31A00A5C611 /* Build configuration list for PBXNativeTarget "MiBandDemo" */ = {
			isa = XCConfigurationList;
			buildConfigurations = (
				07238ED61E6EC31A00A5C611 /* Debug */,
				07238ED71E6EC31A00A5C611 /* Release */,
			);
			defaultConfigurationIsVisible = 0;
		};
/* End XCConfigurationList section */
	};
	rootObject = 07238EBB1E6EC31900A5C611 /* Project object */;
}
